
Microsoft Visual Studio Solution File, Format Version 12.00
# Visual Studio Version 17
VisualStudioVersion = 17.11.35222.181
MinimumVisualStudioVersion = 10.0.40219.1
Project("{8BC9CEB8-8B4A-11D0-8D11-00A0C91BC942}") = "Lab0", "Lab0.vcxproj", "{FA0240EB-DA2B-41B0-94EC-8FAC66E87063}"
EndProject
Global
	GlobalSection(SolutionConfigurationPlatforms) = preSolution
		Debug|x64 = Debug|x64
		Debug|x86 = Debug|x86
		Release|x64 = Release|x64
		Release|x86 = Release|x86
	EndGlobalSection
	GlobalSection(ProjectConfigurationPlatforms) = postSolution
		{FA0240EB-DA2B-41B0-94EC-8FAC66E87063}.Debug|x64.ActiveCfg = Debug|x64
		{FA0240EB-DA2B-41B0-94EC-8FAC66E87063}.Debug|x64.Build.0 = Debug|x64
		{FA0240EB-DA2B-41B0-94EC-8FAC66E87063}.Debug|x86.ActiveCfg = Debug|Win32
		{FA0240EB-DA2B-41B0-94EC-8FAC66E87063}.Debug|x86.Build.0 = Debug|Win32
		{FA0240EB-DA2B-41B0-94EC-8FAC66E87063}.Release|x64.ActiveCfg = Release|x64
		{FA0240EB-DA2B-41B0-94EC-8FAC66E87063}.Release|x64.Build.0 = Release|x64
		{FA0240EB-DA2B-41B0-94EC-8FAC66E87063}.Release|x86.ActiveCfg = Release|Win32
		{FA0240EB-DA2B-41B0-94EC-8FAC66E87063}.Release|x86.Build.0 = Release|Win32
	EndGlobalSection
	GlobalSection(SolutionProperties) = preSolution
		HideSolutionNode = FALSE
	EndGlobalSection
	GlobalSection(ExtensibilityGlobals) = postSolution
		SolutionGuid = {0635560E-B793-4080-BE1B-4C1C4833AD89}
	EndGlobalSection
EndGlobal
