
Microsoft Visual Studio Solution File, Format Version 12.00
# Visual Studio Version 17
VisualStudioVersion = 17.11.35222.181
MinimumVisualStudioVersion = 10.0.40219.1
Project("{8BC9CEB8-8B4A-11D0-8D11-00A0C91BC942}") = "Lab6", "Lab6.vcxproj", "{FA9CEFA8-72EC-476A-99B9-AF39101E1023}"
EndProject
Global
	GlobalSection(SolutionConfigurationPlatforms) = preSolution
		Debug|x64 = Debug|x64
		Debug|x86 = Debug|x86
		Release|x64 = Release|x64
		Release|x86 = Release|x86
	EndGlobalSection
	GlobalSection(ProjectConfigurationPlatforms) = postSolution
		{FA9CEFA8-72EC-476A-99B9-AF39101E1023}.Debug|x64.ActiveCfg = Debug|x64
		{FA9CEFA8-72EC-476A-99B9-AF39101E1023}.Debug|x64.Build.0 = Debug|x64
		{FA9CEFA8-72EC-476A-99B9-AF39101E1023}.Debug|x86.ActiveCfg = Debug|Win32
		{FA9CEFA8-72EC-476A-99B9-AF39101E1023}.Debug|x86.Build.0 = Debug|Win32
		{FA9CEFA8-72EC-476A-99B9-AF39101E1023}.Release|x64.ActiveCfg = Release|x64
		{FA9CEFA8-72EC-476A-99B9-AF39101E1023}.Release|x64.Build.0 = Release|x64
		{FA9CEFA8-72EC-476A-99B9-AF39101E1023}.Release|x86.ActiveCfg = Release|Win32
		{FA9CEFA8-72EC-476A-99B9-AF39101E1023}.Release|x86.Build.0 = Release|Win32
	EndGlobalSection
	GlobalSection(SolutionProperties) = preSolution
		HideSolutionNode = FALSE
	EndGlobalSection
	GlobalSection(ExtensibilityGlobals) = postSolution
		SolutionGuid = {FAB65ACD-963A-4BFB-B706-635B2D0B8E98}
	EndGlobalSection
EndGlobal
